
Microsoft Visual Studio Solution File, Format Version 12.00
# Visual Studio 15
VisualStudioVersion = 15.0.28010.2050
MinimumVisualStudioVersion = 10.0.40219.1
Project("{8BC9CEB8-8B4A-11D0-8D11-00A0C91BC942}") = "StackArray", "StackArray\StackArray.vcxproj", "{54FC8A65-34EF-448F-B0CA-1EAA690FA667}"
EndProject
Project("{2150E333-8FDC-42A3-9474-1A3956D46DE8}") = "Solution Items", "Solution Items", "{0E8B0F65-720E-47CD-8998-AE99F6C2D562}"
EndProject
Global
	GlobalSection(SolutionConfigurationPlatforms) = preSolution
		Debug|x64 = Debug|x64
		Debug|x86 = Debug|x86
		Release|x64 = Release|x64
		Release|x86 = Release|x86
	EndGlobalSection
	GlobalSection(ProjectConfigurationPlatforms) = postSolution
		{54FC8A65-34EF-448F-B0CA-1EAA690FA667}.Debug|x64.ActiveCfg = Debug|x64
		{54FC8A65-34EF-448F-B0CA-1EAA690FA667}.Debug|x64.Build.0 = Debug|x64
		{54FC8A65-34EF-448F-B0CA-1EAA690FA667}.Debug|x86.ActiveCfg = Debug|Win32
		{54FC8A65-34EF-448F-B0CA-1EAA690FA667}.Debug|x86.Build.0 = Debug|Win32
		{54FC8A65-34EF-448F-B0CA-1EAA690FA667}.Release|x64.ActiveCfg = Release|x64
		{54FC8A65-34EF-448F-B0CA-1EAA690FA667}.Release|x64.Build.0 = Release|x64
		{54FC8A65-34EF-448F-B0CA-1EAA690FA667}.Release|x86.ActiveCfg = Release|Win32
		{54FC8A65-34EF-448F-B0CA-1EAA690FA667}.Release|x86.Build.0 = Release|Win32
	EndGlobalSection
	GlobalSection(SolutionProperties) = preSolution
		HideSolutionNode = FALSE
	EndGlobalSection
	GlobalSection(ExtensibilityGlobals) = postSolution
		SolutionGuid = {55A9A50E-ED09-45B4-BD53-B339B1DFFD0F}
	EndGlobalSection
EndGlobal
